
Microsoft Visual Studio Solution File, Format Version 12.00
# Visual Studio Version 17
VisualStudioVersion = 17.9.34728.123
MinimumVisualStudioVersion = 10.0.40219.1
Project("{FAE04EC0-301F-11D3-BF4B-00C04F79EFBC}") = "shapeVirt", "shapeVirt\shapeVirt.csproj", "{A92B5F1E-4009-4331-A184-0E031D31BC88}"
EndProject
Global
	GlobalSection(SolutionConfigurationPlatforms) = preSolution
		Debug|Any CPU = Debug|Any CPU
		Release|Any CPU = Release|Any CPU
	EndGlobalSection
	GlobalSection(ProjectConfigurationPlatforms) = postSolution
		{A92B5F1E-4009-4331-A184-0E031D31BC88}.Debug|Any CPU.ActiveCfg = Debug|Any CPU
		{A92B5F1E-4009-4331-A184-0E031D31BC88}.Debug|Any CPU.Build.0 = Debug|Any CPU
		{A92B5F1E-4009-4331-A184-0E031D31BC88}.Release|Any CPU.ActiveCfg = Release|Any CPU
		{A92B5F1E-4009-4331-A184-0E031D31BC88}.Release|Any CPU.Build.0 = Release|Any CPU
	EndGlobalSection
	GlobalSection(SolutionProperties) = preSolution
		HideSolutionNode = FALSE
	EndGlobalSection
	GlobalSection(ExtensibilityGlobals) = postSolution
		SolutionGuid = {20535434-381D-4DE0-A13B-07329B9EE725}
	EndGlobalSection
EndGlobal
